// !$*UTF8*$!
{
	archiveVersion = 1;
	classes = {
	};
	objectVersion = 46;
	objects = {

/* Begin PBXBuildFile section */
		3461E2AB0821A9A95C172EC3 /* Pods_GetirHackathon.framework in Frameworks */ = {isa = PBXBuildFile; fileRef = 9F78AD98C8A662F9D301FDEC /* Pods_GetirHackathon.framework */; };
		591FBD6D1E865B7F00E4804B /* LocationManager.swift in Sources */ = {isa = PBXBuildFile; fileRef = 591FBD6C1E865B7F00E4804B /* LocationManager.swift */; };
		591FBD6F1E86A7CA00E4804B /* EventTypeTableViewController.swift in Sources */ = {isa = PBXBuildFile; fileRef = 591FBD6E1E86A7CA00E4804B /* EventTypeTableViewController.swift */; };
		591FBD711E86A7EF00E4804B /* EventType+Services.swift in Sources */ = {isa = PBXBuildFile; fileRef = 591FBD701E86A7EF00E4804B /* EventType+Services.swift */; };
		591FBD751E86D92C00E4804B /* EventDetailsViewController.swift in Sources */ = {isa = PBXBuildFile; fileRef = 591FBD741E86D92C00E4804B /* EventDetailsViewController.swift */; };
		593A41A51E85A1FE008A1CBD /* User+Services.swift in Sources */ = {isa = PBXBuildFile; fileRef = 593A41A41E85A1FE008A1CBD /* User+Services.swift */; };
		593A41A81E85A20D008A1CBD /* Event+Services.swift in Sources */ = {isa = PBXBuildFile; fileRef = 593A41A71E85A20D008A1CBD /* Event+Services.swift */; };
		593A41AB1E85A6EF008A1CBD /* LoginViewController.swift in Sources */ = {isa = PBXBuildFile; fileRef = 593A41AA1E85A6EF008A1CBD /* LoginViewController.swift */; };
		593A41AE1E85B127008A1CBD /* MapViewController.swift in Sources */ = {isa = PBXBuildFile; fileRef = 593A41AD1E85B127008A1CBD /* MapViewController.swift */; };
		593A41B01E85B8A3008A1CBD /* EventAnnotation.swift in Sources */ = {isa = PBXBuildFile; fileRef = 593A41AF1E85B8A3008A1CBD /* EventAnnotation.swift */; };
		593A41B21E85BD46008A1CBD /* Extensions.swift in Sources */ = {isa = PBXBuildFile; fileRef = 593A41B11E85BD46008A1CBD /* Extensions.swift */; };
		593A41B41E85E293008A1CBD /* EventType.swift in Sources */ = {isa = PBXBuildFile; fileRef = 593A41B31E85E293008A1CBD /* EventType.swift */; };
		593A41BA1E85F136008A1CBD /* CreateEventTableViewController.swift in Sources */ = {isa = PBXBuildFile; fileRef = 593A41B91E85F136008A1CBD /* CreateEventTableViewController.swift */; };
		593A41BC1E85F146008A1CBD /* SelectDateTableViewController.swift in Sources */ = {isa = PBXBuildFile; fileRef = 593A41BB1E85F146008A1CBD /* SelectDateTableViewController.swift */; };
		593A41BE1E85F156008A1CBD /* SelectAddressViewController.swift in Sources */ = {isa = PBXBuildFile; fileRef = 593A41BD1E85F156008A1CBD /* SelectAddressViewController.swift */; };
		593F39141E85926C0027BE0C /* AppDelegate.swift in Sources */ = {isa = PBXBuildFile; fileRef = 593F39131E85926C0027BE0C /* AppDelegate.swift */; };
		593F39191E85926C0027BE0C /* Main.storyboard in Resources */ = {isa = PBXBuildFile; fileRef = 593F39171E85926C0027BE0C /* Main.storyboard */; };
		593F391B1E85926C0027BE0C /* Assets.xcassets in Resources */ = {isa = PBXBuildFile; fileRef = 593F391A1E85926C0027BE0C /* Assets.xcassets */; };
		593F391E1E85926C0027BE0C /* LaunchScreen.storyboard in Resources */ = {isa = PBXBuildFile; fileRef = 593F391C1E85926C0027BE0C /* LaunchScreen.storyboard */; };
		593F39261E85929A0027BE0C /* API.swift in Sources */ = {isa = PBXBuildFile; fileRef = 593F39251E85929A0027BE0C /* API.swift */; };
		593F39281E859F400027BE0C /* User.swift in Sources */ = {isa = PBXBuildFile; fileRef = 593F39271E859F400027BE0C /* User.swift */; };
		593F392B1E85A0400027BE0C /* Event.swift in Sources */ = {isa = PBXBuildFile; fileRef = 593F392A1E85A0400027BE0C /* Event.swift */; };
		594605A51E87776C009160D9 /* Localizable.strings in Resources */ = {isa = PBXBuildFile; fileRef = 594605A71E87776C009160D9 /* Localizable.strings */; };
/* End PBXBuildFile section */

/* Begin PBXFileReference section */
		591FBD6C1E865B7F00E4804B /* LocationManager.swift */ = {isa = PBXFileReference; fileEncoding = 4; lastKnownFileType = sourcecode.swift; path = LocationManager.swift; sourceTree = "<group>"; };
		591FBD6E1E86A7CA00E4804B /* EventTypeTableViewController.swift */ = {isa = PBXFileReference; fileEncoding = 4; lastKnownFileType = sourcecode.swift; path = EventTypeTableViewController.swift; sourceTree = "<group>"; };
		591FBD701E86A7EF00E4804B /* EventType+Services.swift */ = {isa = PBXFileReference; fileEncoding = 4; lastKnownFileType = sourcecode.swift; path = "EventType+Services.swift"; sourceTree = "<group>"; };
		591FBD741E86D92C00E4804B /* EventDetailsViewController.swift */ = {isa = PBXFileReference; fileEncoding = 4; lastKnownFileType = sourcecode.swift; path = EventDetailsViewController.swift; sourceTree = "<group>"; };
		593A41A41E85A1FE008A1CBD /* User+Services.swift */ = {isa = PBXFileReference; fileEncoding = 4; lastKnownFileType = sourcecode.swift; path = "User+Services.swift"; sourceTree = "<group>"; };
		593A41A71E85A20D008A1CBD /* Event+Services.swift */ = {isa = PBXFileReference; fileEncoding = 4; lastKnownFileType = sourcecode.swift; path = "Event+Services.swift"; sourceTree = "<group>"; };
		593A41AA1E85A6EF008A1CBD /* LoginViewController.swift */ = {isa = PBXFileReference; fileEncoding = 4; lastKnownFileType = sourcecode.swift; path = LoginViewController.swift; sourceTree = "<group>"; };
		593A41AD1E85B127008A1CBD /* MapViewController.swift */ = {isa = PBXFileReference; fileEncoding = 4; lastKnownFileType = sourcecode.swift; path = MapViewController.swift; sourceTree = "<group>"; };
		593A41AF1E85B8A3008A1CBD /* EventAnnotation.swift */ = {isa = PBXFileReference; fileEncoding = 4; lastKnownFileType = sourcecode.swift; path = EventAnnotation.swift; sourceTree = "<group>"; };
		593A41B11E85BD46008A1CBD /* Extensions.swift */ = {isa = PBXFileReference; fileEncoding = 4; lastKnownFileType = sourcecode.swift; path = Extensions.swift; sourceTree = "<group>"; };
		593A41B31E85E293008A1CBD /* EventType.swift */ = {isa = PBXFileReference; fileEncoding = 4; lastKnownFileType = sourcecode.swift; path = EventType.swift; sourceTree = "<group>"; };
		593A41B91E85F136008A1CBD /* CreateEventTableViewController.swift */ = {isa = PBXFileReference; fileEncoding = 4; lastKnownFileType = sourcecode.swift; path = CreateEventTableViewController.swift; sourceTree = "<group>"; };
		593A41BB1E85F146008A1CBD /* SelectDateTableViewController.swift */ = {isa = PBXFileReference; fileEncoding = 4; lastKnownFileType = sourcecode.swift; path = SelectDateTableViewController.swift; sourceTree = "<group>"; };
		593A41BD1E85F156008A1CBD /* SelectAddressViewController.swift */ = {isa = PBXFileReference; fileEncoding = 4; lastKnownFileType = sourcecode.swift; path = SelectAddressViewController.swift; sourceTree = "<group>"; };
		593F39101E85926C0027BE0C /* GetirHackathon.app */ = {isa = PBXFileReference; explicitFileType = wrapper.application; includeInIndex = 0; path = GetirHackathon.app; sourceTree = BUILT_PRODUCTS_DIR; };
		593F39131E85926C0027BE0C /* AppDelegate.swift */ = {isa = PBXFileReference; lastKnownFileType = sourcecode.swift; path = AppDelegate.swift; sourceTree = "<group>"; };
		593F39181E85926C0027BE0C /* Base */ = {isa = PBXFileReference; lastKnownFileType = file.storyboard; name = Base; path = Base.lproj/Main.storyboard; sourceTree = "<group>"; };
		593F391A1E85926C0027BE0C /* Assets.xcassets */ = {isa = PBXFileReference; lastKnownFileType = folder.assetcatalog; path = Assets.xcassets; sourceTree = "<group>"; };
		593F391D1E85926C0027BE0C /* Base */ = {isa = PBXFileReference; lastKnownFileType = file.storyboard; name = Base; path = Base.lproj/LaunchScreen.storyboard; sourceTree = "<group>"; };
		593F391F1E85926C0027BE0C /* Info.plist */ = {isa = PBXFileReference; lastKnownFileType = text.plist.xml; path = Info.plist; sourceTree = "<group>"; };
		593F39251E85929A0027BE0C /* API.swift */ = {isa = PBXFileReference; fileEncoding = 4; lastKnownFileType = sourcecode.swift; path = API.swift; sourceTree = "<group>"; };
		593F39271E859F400027BE0C /* User.swift */ = {isa = PBXFileReference; fileEncoding = 4; lastKnownFileType = sourcecode.swift; path = User.swift; sourceTree = "<group>"; };
		593F392A1E85A0400027BE0C /* Event.swift */ = {isa = PBXFileReference; fileEncoding = 4; lastKnownFileType = sourcecode.swift; path = Event.swift; sourceTree = "<group>"; };
		594605A11E877604009160D9 /* tr */ = {isa = PBXFileReference; lastKnownFileType = text.plist.strings; name = tr; path = tr.lproj/Main.strings; sourceTree = "<group>"; };
		594605A21E877605009160D9 /* tr */ = {isa = PBXFileReference; lastKnownFileType = text.plist.strings; name = tr; path = tr.lproj/LaunchScreen.strings; sourceTree = "<group>"; };
		594605A81E877770009160D9 /* en */ = {isa = PBXFileReference; lastKnownFileType = text.plist.strings; name = en; path = en.lproj/Localizable.strings; sourceTree = "<group>"; };
		594605A91E877771009160D9 /* tr */ = {isa = PBXFileReference; lastKnownFileType = text.plist.strings; name = tr; path = tr.lproj/Localizable.strings; sourceTree = "<group>"; };
		9F78AD98C8A662F9D301FDEC /* Pods_GetirHackathon.framework */ = {isa = PBXFileReference; explicitFileType = wrapper.framework; includeInIndex = 0; path = Pods_GetirHackathon.framework; sourceTree = BUILT_PRODUCTS_DIR; };
		A0BE3B597EE43C2E5BDDA466 /* Pods-GetirHackathon.release.xcconfig */ = {isa = PBXFileReference; includeInIndex = 1; lastKnownFileType = text.xcconfig; name = "Pods-GetirHackathon.release.xcconfig"; path = "Pods/Target Support Files/Pods-GetirHackathon/Pods-GetirHackathon.release.xcconfig"; sourceTree = "<group>"; };
		D87ED7A76B02F2AFA7D710AF /* Pods-GetirHackathon.debug.xcconfig */ = {isa = PBXFileReference; includeInIndex = 1; lastKnownFileType = text.xcconfig; name = "Pods-GetirHackathon.debug.xcconfig"; path = "Pods/Target Support Files/Pods-GetirHackathon/Pods-GetirHackathon.debug.xcconfig"; sourceTree = "<group>"; };
/* End PBXFileReference section */

/* Begin PBXFrameworksBuildPhase section */
		593F390D1E85926C0027BE0C /* Frameworks */ = {
			isa = PBXFrameworksBuildPhase;
			buildActionMask = 2147483647;
			files = (
				3461E2AB0821A9A95C172EC3 /* Pods_GetirHackathon.framework in Frameworks */,
			);
			runOnlyForDeploymentPostprocessing = 0;
		};
/* End PBXFrameworksBuildPhase section */

/* Begin PBXGroup section */
		591FBD761E86D94200E4804B /* Helpers */ = {
			isa = PBXGroup;
			children = (
				593A41AF1E85B8A3008A1CBD /* EventAnnotation.swift */,
				591FBD6C1E865B7F00E4804B /* LocationManager.swift */,
				593A41B11E85BD46008A1CBD /* Extensions.swift */,
			);
			name = Helpers;
			sourceTree = "<group>";
		};
		593A41A61E85A201008A1CBD /* User */ = {
			isa = PBXGroup;
			children = (
				593F39271E859F400027BE0C /* User.swift */,
				593A41A41E85A1FE008A1CBD /* User+Services.swift */,
			);
			name = User;
			sourceTree = "<group>";
		};
		593A41A91E85A21E008A1CBD /* Event */ = {
			isa = PBXGroup;
			children = (
				593F392A1E85A0400027BE0C /* Event.swift */,
				593A41A71E85A20D008A1CBD /* Event+Services.swift */,
			);
			name = Event;
			sourceTree = "<group>";
		};
		593A41AC1E85A705008A1CBD /* ViewControllers */ = {
			isa = PBXGroup;
			children = (
				593A41AA1E85A6EF008A1CBD /* LoginViewController.swift */,
				593A41AD1E85B127008A1CBD /* MapViewController.swift */,
				593A41B91E85F136008A1CBD /* CreateEventTableViewController.swift */,
				593A41BB1E85F146008A1CBD /* SelectDateTableViewController.swift */,
				593A41BD1E85F156008A1CBD /* SelectAddressViewController.swift */,
				591FBD6E1E86A7CA00E4804B /* EventTypeTableViewController.swift */,
				591FBD741E86D92C00E4804B /* EventDetailsViewController.swift */,
			);
			name = ViewControllers;
			sourceTree = "<group>";
		};
		593A41B51E85E3BE008A1CBD /* EventType */ = {
			isa = PBXGroup;
			children = (
				593A41B31E85E293008A1CBD /* EventType.swift */,
				591FBD701E86A7EF00E4804B /* EventType+Services.swift */,
			);
			name = EventType;
			sourceTree = "<group>";
		};
		593F39071E85926B0027BE0C = {
			isa = PBXGroup;
			children = (
				593F39121E85926C0027BE0C /* GetirHackathon */,
				593F39111E85926C0027BE0C /* Products */,
				779A2D3BD652DD2CB6F62229 /* Pods */,
				FAC9F72CEF8ACBD110F8BB19 /* Frameworks */,
			);
			sourceTree = "<group>";
		};
		593F39111E85926C0027BE0C /* Products */ = {
			isa = PBXGroup;
			children = (
				593F39101E85926C0027BE0C /* GetirHackathon.app */,
			);
			name = Products;
			sourceTree = "<group>";
		};
		593F39121E85926C0027BE0C /* GetirHackathon */ = {
			isa = PBXGroup;
			children = (
				593F391F1E85926C0027BE0C /* Info.plist */,
				593F39131E85926C0027BE0C /* AppDelegate.swift */,
				593F39251E85929A0027BE0C /* API.swift */,
				594605AA1E8792C9009160D9 /* UI */,
				591FBD761E86D94200E4804B /* Helpers */,
				593F39291E859F430027BE0C /* Models */,
				593A41AC1E85A705008A1CBD /* ViewControllers */,
			);
			path = GetirHackathon;
			sourceTree = "<group>";
		};
		593F39291E859F430027BE0C /* Models */ = {
			isa = PBXGroup;
			children = (
				593A41A61E85A201008A1CBD /* User */,
				593A41A91E85A21E008A1CBD /* Event */,
				593A41B51E85E3BE008A1CBD /* EventType */,
			);
			name = Models;
			sourceTree = "<group>";
		};
		594605AA1E8792C9009160D9 /* UI */ = {
			isa = PBXGroup;
			children = (
				593F39171E85926C0027BE0C /* Main.storyboard */,
				593F391A1E85926C0027BE0C /* Assets.xcassets */,
				593F391C1E85926C0027BE0C /* LaunchScreen.storyboard */,
				594605A71E87776C009160D9 /* Localizable.strings */,
			);
			name = UI;
			sourceTree = "<group>";
		};
		779A2D3BD652DD2CB6F62229 /* Pods */ = {
			isa = PBXGroup;
			children = (
				D87ED7A76B02F2AFA7D710AF /* Pods-GetirHackathon.debug.xcconfig */,
				A0BE3B597EE43C2E5BDDA466 /* Pods-GetirHackathon.release.xcconfig */,
			);
			name = Pods;
			sourceTree = "<group>";
		};
		FAC9F72CEF8ACBD110F8BB19 /* Frameworks */ = {
			isa = PBXGroup;
			children = (
				9F78AD98C8A662F9D301FDEC /* Pods_GetirHackathon.framework */,
			);
			name = Frameworks;
			sourceTree = "<group>";
		};
/* End PBXGroup section */

/* Begin PBXNativeTarget section */
		593F390F1E85926C0027BE0C /* GetirHackathon */ = {
			isa = PBXNativeTarget;
			buildConfigurationList = 593F39221E85926C0027BE0C /* Build configuration list for PBXNativeTarget "GetirHackathon" */;
			buildPhases = (
				2E4A6BE71B01D991032AD091 /* [CP] Check Pods Manifest.lock */,
				593F390C1E85926C0027BE0C /* Sources */,
				593F390D1E85926C0027BE0C /* Frameworks */,
				593F390E1E85926C0027BE0C /* Resources */,
				669A57B5C3BC58D816D89FBF /* [CP] Embed Pods Frameworks */,
				E38D0BF44536F77D898577C2 /* [CP] Copy Pods Resources */,
			);
			buildRules = (
			);
			dependencies = (
			);
			name = GetirHackathon;
			productName = GetirHackathon;
			productReference = 593F39101E85926C0027BE0C /* GetirHackathon.app */;
			productType = "com.apple.product-type.application";
		};
/* End PBXNativeTarget section */

/* Begin PBXProject section */
		593F39081E85926B0027BE0C /* Project object */ = {
			isa = PBXProject;
			attributes = {
				LastSwiftUpdateCheck = 0820;
				LastUpgradeCheck = 0820;
				ORGANIZATIONNAME = Mutlu;
				TargetAttributes = {
					593F390F1E85926C0027BE0C = {
						CreatedOnToolsVersion = 8.2.1;
						DevelopmentTeam = 54F54H9Y8X;
						ProvisioningStyle = Automatic;
					};
				};
			};
			buildConfigurationList = 593F390B1E85926B0027BE0C /* Build configuration list for PBXProject "GetirHackathon" */;
			compatibilityVersion = "Xcode 3.2";
			developmentRegion = English;
			hasScannedForEncodings = 0;
			knownRegions = (
				en,
				Base,
				tr,
			);
			mainGroup = 593F39071E85926B0027BE0C;
			productRefGroup = 593F39111E85926C0027BE0C /* Products */;
			projectDirPath = "";
			projectRoot = "";
			targets = (
				593F390F1E85926C0027BE0C /* GetirHackathon */,
			);
		};
/* End PBXProject section */

/* Begin PBXResourcesBuildPhase section */
		593F390E1E85926C0027BE0C /* Resources */ = {
			isa = PBXResourcesBuildPhase;
			buildActionMask = 2147483647;
			files = (
				593F391E1E85926C0027BE0C /* LaunchScreen.storyboard in Resources */,
				594605A51E87776C009160D9 /* Localizable.strings in Resources */,
				593F391B1E85926C0027BE0C /* Assets.xcassets in Resources */,
				593F39191E85926C0027BE0C /* Main.storyboard in Resources */,
			);
			runOnlyForDeploymentPostprocessing = 0;
		};
/* End PBXResourcesBuildPhase section */

/* Begin PBXShellScriptBuildPhase section */
		2E4A6BE71B01D991032AD091 /* [CP] Check Pods Manifest.lock */ = {
			isa = PBXShellScriptBuildPhase;
			buildActionMask = 2147483647;
			files = (
			);
			inputPaths = (
			);
			name = "[CP] Check Pods Manifest.lock";
			outputPaths = (
			);
			runOnlyForDeploymentPostprocessing = 0;
			shellPath = /bin/sh;
			shellScript = "diff \"${PODS_ROOT}/../Podfile.lock\" \"${PODS_ROOT}/Manifest.lock\" > /dev/null\nif [[ $? != 0 ]] ; then\n    cat << EOM\nerror: The sandbox is not in sync with the Podfile.lock. Run 'pod install' or update your CocoaPods installation.\nEOM\n    exit 1\nfi\n";
			showEnvVarsInLog = 0;
		};
		669A57B5C3BC58D816D89FBF /* [CP] Embed Pods Frameworks */ = {
			isa = PBXShellScriptBuildPhase;
			buildActionMask = 2147483647;
			files = (
			);
			inputPaths = (
			);
			name = "[CP] Embed Pods Frameworks";
			outputPaths = (
			);
			runOnlyForDeploymentPostprocessing = 0;
			shellPath = /bin/sh;
			shellScript = "\"${SRCROOT}/Pods/Target Support Files/Pods-GetirHackathon/Pods-GetirHackathon-frameworks.sh\"\n";
			showEnvVarsInLog = 0;
		};
		E38D0BF44536F77D898577C2 /* [CP] Copy Pods Resources */ = {
			isa = PBXShellScriptBuildPhase;
			buildActionMask = 2147483647;
			files = (
			);
			inputPaths = (
			);
			name = "[CP] Copy Pods Resources";
			outputPaths = (
			);
			runOnlyForDeploymentPostprocessing = 0;
			shellPath = /bin/sh;
			shellScript = "\"${SRCROOT}/Pods/Target Support Files/Pods-GetirHackathon/Pods-GetirHackathon-resources.sh\"\n";
			showEnvVarsInLog = 0;
		};
/* End PBXShellScriptBuildPhase section */

/* Begin PBXSourcesBuildPhase section */
		593F390C1E85926C0027BE0C /* Sources */ = {
			isa = PBXSourcesBuildPhase;
			buildActionMask = 2147483647;
			files = (
				593F39281E859F400027BE0C /* User.swift in Sources */,
				593A41A81E85A20D008A1CBD /* Event+Services.swift in Sources */,
				591FBD6D1E865B7F00E4804B /* LocationManager.swift in Sources */,
				593A41B01E85B8A3008A1CBD /* EventAnnotation.swift in Sources */,
				593A41BE1E85F156008A1CBD /* SelectAddressViewController.swift in Sources */,
				593A41BC1E85F146008A1CBD /* SelectDateTableViewController.swift in Sources */,
				593A41B41E85E293008A1CBD /* EventType.swift in Sources */,
				593A41BA1E85F136008A1CBD /* CreateEventTableViewController.swift in Sources */,
				591FBD6F1E86A7CA00E4804B /* EventTypeTableViewController.swift in Sources */,
				593F39261E85929A0027BE0C /* API.swift in Sources */,
				591FBD751E86D92C00E4804B /* EventDetailsViewController.swift in Sources */,
				593A41AB1E85A6EF008A1CBD /* LoginViewController.swift in Sources */,
				593A41B21E85BD46008A1CBD /* Extensions.swift in Sources */,
				593F39141E85926C0027BE0C /* AppDelegate.swift in Sources */,
				593A41A51E85A1FE008A1CBD /* User+Services.swift in Sources */,
				593F392B1E85A0400027BE0C /* Event.swift in Sources */,
				593A41AE1E85B127008A1CBD /* MapViewController.swift in Sources */,
				591FBD711E86A7EF00E4804B /* EventType+Services.swift in Sources */,
			);
			runOnlyForDeploymentPostprocessing = 0;
		};
/* End PBXSourcesBuildPhase section */

/* Begin PBXVariantGroup section */
		593F39171E85926C0027BE0C /* Main.storyboard */ = {
			isa = PBXVariantGroup;
			children = (
				593F39181E85926C0027BE0C /* Base */,
				594605A11E877604009160D9 /* tr */,
			);
			name = Main.storyboard;
			sourceTree = "<group>";
		};
		593F391C1E85926C0027BE0C /* LaunchScreen.storyboard */ = {
			isa = PBXVariantGroup;
			children = (
				593F391D1E85926C0027BE0C /* Base */,
				594605A21E877605009160D9 /* tr */,
			);
			name = LaunchScreen.storyboard;
			sourceTree = "<group>";
		};
		594605A71E87776C009160D9 /* Localizable.strings */ = {
			isa = PBXVariantGroup;
			children = (
				594605A81E877770009160D9 /* en */,
				594605A91E877771009160D9 /* tr */,
			);
			name = Localizable.strings;
			sourceTree = "<group>";
		};
/* End PBXVariantGroup section */

/* Begin XCBuildConfiguration section */
		593F39201E85926C0027BE0C /* Debug */ = {
			isa = XCBuildConfiguration;
			buildSettings = {
				ALWAYS_SEARCH_USER_PATHS = NO;
				CLANG_ANALYZER_LOCALIZABILITY_NONLOCALIZED = YES;
				CLANG_ANALYZER_NONNULL = YES;
				CLANG_CXX_LANGUAGE_STANDARD = "gnu++0x";
				CLANG_CXX_LIBRARY = "libc++";
				CLANG_ENABLE_MODULES = YES;
				CLANG_ENABLE_OBJC_ARC = YES;
				CLANG_WARN_BOOL_CONVERSION = YES;
				CLANG_WARN_CONSTANT_CONVERSION = YES;
				CLANG_WARN_DIRECT_OBJC_ISA_USAGE = YES_ERROR;
				CLANG_WARN_DOCUMENTATION_COMMENTS = YES;
				CLANG_WARN_EMPTY_BODY = YES;
				CLANG_WARN_ENUM_CONVERSION = YES;
				CLANG_WARN_INFINITE_RECURSION = YES;
				CLANG_WARN_INT_CONVERSION = YES;
				CLANG_WARN_OBJC_ROOT_CLASS = YES_ERROR;
				CLANG_WARN_SUSPICIOUS_MOVE = YES;
				CLANG_WARN_UNREACHABLE_CODE = YES;
				CLANG_WARN__DUPLICATE_METHOD_MATCH = YES;
				"CODE_SIGN_IDENTITY[sdk=iphoneos*]" = "iPhone Developer";
				COPY_PHASE_STRIP = NO;
				DEBUG_INFORMATION_FORMAT = dwarf;
				ENABLE_STRICT_OBJC_MSGSEND = YES;
				ENABLE_TESTABILITY = YES;
				GCC_C_LANGUAGE_STANDARD = gnu99;
				GCC_DYNAMIC_NO_PIC = NO;
				GCC_NO_COMMON_BLOCKS = YES;
				GCC_OPTIMIZATION_LEVEL = 0;
				GCC_PREPROCESSOR_DEFINITIONS = (
					"DEBUG=1",
					"$(inherited)",
				);
				GCC_WARN_64_TO_32_BIT_CONVERSION = YES;
				GCC_WARN_ABOUT_RETURN_TYPE = YES_ERROR;
				GCC_WARN_UNDECLARED_SELECTOR = YES;
				GCC_WARN_UNINITIALIZED_AUTOS = YES_AGGRESSIVE;
				GCC_WARN_UNUSED_FUNCTION = YES;
				GCC_WARN_UNUSED_VARIABLE = YES;
				IPHONEOS_DEPLOYMENT_TARGET = 10.2;
				MTL_ENABLE_DEBUG_INFO = YES;
				ONLY_ACTIVE_ARCH = YES;
				SDKROOT = iphoneos;
				SWIFT_ACTIVE_COMPILATION_CONDITIONS = DEBUG;
				SWIFT_OPTIMIZATION_LEVEL = "-Onone";
				SWIFT_VERSION = "";
			};
			name = Debug;
		};
		593F39211E85926C0027BE0C /* Release */ = {
			isa = XCBuildConfiguration;
			buildSettings = {
				ALWAYS_SEARCH_USER_PATHS = NO;
				CLANG_ANALYZER_LOCALIZABILITY_NONLOCALIZED = YES;
				CLANG_ANALYZER_NONNULL = YES;
				CLANG_CXX_LANGUAGE_STANDARD = "gnu++0x";
				CLANG_CXX_LIBRARY = "libc++";
				CLANG_ENABLE_MODULES = YES;
				CLANG_ENABLE_OBJC_ARC = YES;
				CLANG_WARN_BOOL_CONVERSION = YES;
				CLANG_WARN_CONSTANT_CONVERSION = YES;
				CLANG_WARN_DIRECT_OBJC_ISA_USAGE = YES_ERROR;
				CLANG_WARN_DOCUMENTATION_COMMENTS = YES;
				CLANG_WARN_EMPTY_BODY = YES;
				CLANG_WARN_ENUM_CONVERSION = YES;
				CLANG_WARN_INFINITE_RECURSION = YES;
				CLANG_WARN_INT_CONVERSION = YES;
				CLANG_WARN_OBJC_ROOT_CLASS = YES_ERROR;
				CLANG_WARN_SUSPICIOUS_MOVE = YES;
				CLANG_WARN_UNREACHABLE_CODE = YES;
				CLANG_WARN__DUPLICATE_METHOD_MATCH = YES;
				"CODE_SIGN_IDENTITY[sdk=iphoneos*]" = "iPhone Developer";
				COPY_PHASE_STRIP = NO;
				DEBUG_INFORMATION_FORMAT = "dwarf-with-dsym";
				ENABLE_NS_ASSERTIONS = NO;
				ENABLE_STRICT_OBJC_MSGSEND = YES;
				GCC_C_LANGUAGE_STANDARD = gnu99;
				GCC_NO_COMMON_BLOCKS = YES;
				GCC_WARN_64_TO_32_BIT_CONVERSION = YES;
				GCC_WARN_ABOUT_RETURN_TYPE = YES_ERROR;
				GCC_WARN_UNDECLARED_SELECTOR = YES;
				GCC_WARN_UNINITIALIZED_AUTOS = YES_AGGRESSIVE;
				GCC_WARN_UNUSED_FUNCTION = YES;
				GCC_WARN_UNUSED_VARIABLE = YES;
				IPHONEOS_DEPLOYMENT_TARGET = 10.2;
				MTL_ENABLE_DEBUG_INFO = NO;
				SDKROOT = iphoneos;
				SWIFT_OPTIMIZATION_LEVEL = "-Owholemodule";
				SWIFT_VERSION = "";
				VALIDATE_PRODUCT = YES;
			};
			name = Release;
		};
		593F39231E85926C0027BE0C /* Debug */ = {
			isa = XCBuildConfiguration;
			baseConfigurationReference = D87ED7A76B02F2AFA7D710AF /* Pods-GetirHackathon.debug.xcconfig */;
			buildSettings = {
				ASSETCATALOG_COMPILER_APPICON_NAME = AppIcon;
				DEVELOPMENT_TEAM = 54F54H9Y8X;
				INFOPLIST_FILE = GetirHackathon/Info.plist;
				LD_RUNPATH_SEARCH_PATHS = "$(inherited) @executable_path/Frameworks";
				PRODUCT_BUNDLE_IDENTIFIER = com.mutlu.GetirHackathon;
				PRODUCT_NAME = "$(TARGET_NAME)";
				SWIFT_VERSION = 3.0;
			};
			name = Debug;
		};
		593F39241E85926C0027BE0C /* Release */ = {
			isa = XCBuildConfiguration;
			baseConfigurationReference = A0BE3B597EE43C2E5BDDA466 /* Pods-GetirHackathon.release.xcconfig */;
			buildSettings = {
				ASSETCATALOG_COMPILER_APPICON_NAME = AppIcon;
				DEVELOPMENT_TEAM = 54F54H9Y8X;
				INFOPLIST_FILE = GetirHackathon/Info.plist;
				LD_RUNPATH_SEARCH_PATHS = "$(inherited) @executable_path/Frameworks";
				PRODUCT_BUNDLE_IDENTIFIER = com.mutlu.GetirHackathon;
				PRODUCT_NAME = "$(TARGET_NAME)";
				SWIFT_VERSION = 3.0;
			};
			name = Release;
		};
/* End XCBuildConfiguration section */

/* Begin XCConfigurationList section */
		593F390B1E85926B0027BE0C /* Build configuration list for PBXProject "GetirHackathon" */ = {
			isa = XCConfigurationList;
			buildConfigurations = (
				593F39201E85926C0027BE0C /* Debug */,
				593F39211E85926C0027BE0C /* Release */,
			);
			defaultConfigurationIsVisible = 0;
			defaultConfigurationName = Release;
		};
		593F39221E85926C0027BE0C /* Build configuration list for PBXNativeTarget "GetirHackathon" */ = {
			isa = XCConfigurationList;
			buildConfigurations = (
				593F39231E85926C0027BE0C /* Debug */,
				593F39241E85926C0027BE0C /* Release */,
			);
			defaultConfigurationIsVisible = 0;
			defaultConfigurationName = Release;
		};
/* End XCConfigurationList section */
	};
	rootObject = 593F39081E85926B0027BE0C /* Project object */;
}
